{
  "name": "vuepress-theme-saweicore",
  "version": "0.2.7",
  "lockfileVersion": 1,
  "requires": true,
  "dependencies": {
    "@vssue/api-github-v3": {
      "version": "1.4.4",
      "resolved": "https://registry.npmjs.org/@vssue/api-github-v3/-/api-github-v3-1.4.4.tgz",
      "integrity": "sha512-/ZQwO+/XgHz7hnVX6zLIWA0L1fmI4LBzQoRp1J56tonH6gbDpvl/VZ8VHIcSldHnpEsjf8wYmbIEz8rJd7jG2Q==",
      "requires": {
        "@vssue/utils": "^1.4.0",
        "axios": "^0.18.1"
      }
    },
    "@vssue/utils": {
      "version": "1.4.0",
      "resolved": "https://registry.npmjs.org/@vssue/utils/-/utils-1.4.0.tgz",
      "integrity": "sha512-3d9WCYNurdFKApFzU8i7YD1GCGhunEVYnwSJxwQ2rDmEdpLneAYNJWg9+QS6bqzB+Pw7ymtwLf/Sqti9+xUGqA==",
      "requires": {
        "date-fns": "^1.29.0",
        "qs": "^6.6.0"
      }
    },
    "@vssue/vuepress-plugin-vssue": {
      "version": "1.4.6",
      "resolved": "https://registry.npmjs.org/@vssue/vuepress-plugin-vssue/-/vuepress-plugin-vssue-1.4.6.tgz",
      "integrity": "sha512-oP63mMvue54ASrfMJVTpmT74is4eU2OeAqDqSOLYUytpqgba2AKPXnq6xhY8fua/+hxpttq0pOVajF6GL4WTgg==",
      "requires": {
        "vssue": "^1.4.6"
      }
    },
    "@vuepress/plugin-active-header-links": {
      "version": "1.5.2",
      "resolved": "https://registry.npmjs.org/@vuepress/plugin-active-header-links/-/plugin-active-header-links-1.5.2.tgz",
      "integrity": "sha512-bZP/0jpouVSvMypixx2/I7kxWFUV4HfwLNx7UxbtuDrykQzXnA2cz6yTra8Y1ZoXACbRp6TIqGlWpCUafBzyww==",
      "requires": {
        "lodash.debounce": "^4.0.8"
      }
    },
    "@vuepress/plugin-blog": {
      "version": "1.9.2",
      "resolved": "https://registry.npmjs.org/@vuepress/plugin-blog/-/plugin-blog-1.9.2.tgz",
      "integrity": "sha512-1y4C7miuJyhP2YV9+8SGPzcwbyNqQWB1WQQf1AYdWvlAK/QrFdTXOtFyBKoViJppHxIkLLz+45bvOm5sIqjv6w==",
      "requires": {
        "@vssue/api-github-v3": "^1.1.2",
        "@vssue/vuepress-plugin-vssue": "^1.2.0",
        "dayjs": "^1.8.19",
        "vuejs-paginate": "^2.1.0",
        "vuepress-plugin-disqus": "^0.2.0",
        "vuepress-plugin-feed": "^0.1.8",
        "vuepress-plugin-mailchimp": "^1.4.1",
        "vuepress-plugin-sitemap": "^2.3.1"
      }
    },
    "@vuepress/plugin-medium-zoom": {
      "version": "1.5.2",
      "resolved": "https://registry.npmjs.org/@vuepress/plugin-medium-zoom/-/plugin-medium-zoom-1.5.2.tgz",
      "integrity": "sha512-zH/D6AutTHktC2G/NberIRbA3msHA/4sGtemk0U+bhoB1f7CvJRjOKRxX60AiabIuWfj2+tAtR2LlCkxLq3M3g==",
      "requires": {
        "medium-zoom": "^1.0.4"
      }
    },
    "@vuepress/plugin-nprogress": {
      "version": "1.5.2",
      "resolved": "https://registry.npmjs.org/@vuepress/plugin-nprogress/-/plugin-nprogress-1.5.2.tgz",
      "integrity": "sha512-PtiV5u9hHZJNPmyKs7s++f4GCJTuvPP25aIASi06vKACr/+Ier5XC7PvOwUvS1LbG6HAGRbQpokmeP1aVbrI6w==",
      "requires": {
        "nprogress": "^0.2.0"
      }
    },
    "@vuepress/plugin-search": {
      "version": "1.5.2",
      "resolved": "https://registry.npmjs.org/@vuepress/plugin-search/-/plugin-search-1.5.2.tgz",
      "integrity": "sha512-/n0W7lQhBCj7vrIhU6VL8ZlUnWBru83W4w0gGNxzXDzZ1AMRJRnQDamBjKAWNd+WMYz8LA2LbJy1rCCds1Mu2Q=="
    },
    "axios": {
      "version": "0.18.1",
      "resolved": "https://registry.npmjs.org/axios/-/axios-0.18.1.tgz",
      "integrity": "sha512-0BfJq4NSfQXd+SkFdrvFbG7addhYSBA2mQwISr46pD6E5iqkWg02RAs8vyTT/j0RTnoYmeXauBuSv1qKwR179g==",
      "requires": {
        "follow-redirects": "1.5.10",
        "is-buffer": "^2.0.2"
      }
    },
    "babel-helper-vue-jsx-merge-props": {
      "version": "2.0.3",
      "resolved": "https://registry.npmjs.org/babel-helper-vue-jsx-merge-props/-/babel-helper-vue-jsx-merge-props-2.0.3.tgz",
      "integrity": "sha512-gsLiKK7Qrb7zYJNgiXKpXblxbV5ffSwR0f5whkPAaBAR4fhi6bwRZxX9wBlIc5M/v8CCkXUbXZL4N/nSE97cqg=="
    },
    "clipboard": {
      "version": "2.0.6",
      "resolved": "https://registry.npmjs.org/clipboard/-/clipboard-2.0.6.tgz",
      "integrity": "sha512-g5zbiixBRk/wyKakSwCKd7vQXDjFnAMGHoEyBogG/bw9kTD9GvdAvaoRR1ALcEzt3pVKxZR0pViekPMIS0QyGg==",
      "optional": true,
      "requires": {
        "good-listener": "^1.2.2",
        "select": "^1.1.2",
        "tiny-emitter": "^2.0.0"
      }
    },
    "date-fns": {
      "version": "1.30.1",
      "resolved": "https://registry.npmjs.org/date-fns/-/date-fns-1.30.1.tgz",
      "integrity": "sha512-hBSVCvSmWC+QypYObzwGOd9wqdDpOt+0wl0KbU+R+uuZBS1jN8VsD1ss3irQDknRj5NvxiTF6oj/nDRnN/UQNw=="
    },
    "dayjs": {
      "version": "1.8.31",
      "resolved": "https://registry.npmjs.org/dayjs/-/dayjs-1.8.31.tgz",
      "integrity": "sha512-mPh1mslned+5PuIuiUfbw4CikHk6AEAf2Baxih+wP5fssv+wmlVhvgZ7mq+BhLt7Sr/Hc8leWDiwe6YnrpNt3g=="
    },
    "debug": {
      "version": "3.1.0",
      "resolved": "https://registry.npmjs.org/debug/-/debug-3.1.0.tgz",
      "integrity": "sha512-OX8XqP7/1a9cqkxYw2yXss15f26NKWBpDXQd0/uK/KPqdQhxbPa994hnzjcE2VqQpDslf55723cKPUOGSmMY3g==",
      "requires": {
        "ms": "2.0.0"
      }
    },
    "decode-uri-component": {
      "version": "0.2.0",
      "resolved": "https://registry.npmjs.org/decode-uri-component/-/decode-uri-component-0.2.0.tgz",
      "integrity": "sha1-6zkTMzRYd1y4TNGh+uBiEGu4dUU="
    },
    "delegate": {
      "version": "3.2.0",
      "resolved": "https://registry.npmjs.org/delegate/-/delegate-3.2.0.tgz",
      "integrity": "sha512-IofjkYBZaZivn0V8nnsMJGBr4jVLxHDheKSW88PyxS5QC4Vo9ZbZVvhzlSxY87fVq3STR6r+4cGepyHkcWOQSw==",
      "optional": true
    },
    "feed": {
      "version": "2.0.4",
      "resolved": "https://registry.npmjs.org/feed/-/feed-2.0.4.tgz",
      "integrity": "sha512-sWatfulDP6d18qVaWcu34qmq9ml6UeN6nHSBJpNZ2muBqxjPAdT375whPYAHP+gqLfyabtYU5qf2Dv4nqtlp0w==",
      "requires": {
        "luxon": "^1.3.3",
        "xml": "^1.0.1"
      }
    },
    "follow-redirects": {
      "version": "1.5.10",
      "resolved": "https://registry.npmjs.org/follow-redirects/-/follow-redirects-1.5.10.tgz",
      "integrity": "sha512-0V5l4Cizzvqt5D44aTXbFZz+FtyXV1vrDN6qrelxtfYQKW0KO0W2T/hkE8xvGa/540LkZlkaUjO4ailYTFtHVQ==",
      "requires": {
        "debug": "=3.1.0"
      }
    },
    "github-markdown-css": {
      "version": "3.0.1",
      "resolved": "https://registry.npmjs.org/github-markdown-css/-/github-markdown-css-3.0.1.tgz",
      "integrity": "sha512-9G5CIPsHoyk5ObDsb/H4KTi23J8KE1oDd4KYU51qwqeM+lKWAiO7abpSgCkyWswgmSKBiuE7/4f8xUz7f2qAiQ=="
    },
    "good-listener": {
      "version": "1.2.2",
      "resolved": "https://registry.npmjs.org/good-listener/-/good-listener-1.2.2.tgz",
      "integrity": "sha1-1TswzfkxPf+33JoNR3CWqm0UXFA=",
      "optional": true,
      "requires": {
        "delegate": "^3.1.2"
      }
    },
    "is-buffer": {
      "version": "2.0.4",
      "resolved": "https://registry.npmjs.org/is-buffer/-/is-buffer-2.0.4.tgz",
      "integrity": "sha512-Kq1rokWXOPXWuaMAqZiJW4XxsmD9zGx9q4aePabbn3qCRGedtH7Cm+zV8WETitMfu1wdh+Rvd6w5egwSngUX2A=="
    },
    "jsonp": {
      "version": "0.2.1",
      "resolved": "https://registry.npmjs.org/jsonp/-/jsonp-0.2.1.tgz",
      "integrity": "sha1-pltPoPEL2nGaBUQep7lMVfPhW64=",
      "requires": {
        "debug": "^2.1.3"
      },
      "dependencies": {
        "debug": {
          "version": "2.6.9",
          "resolved": "https://registry.npmjs.org/debug/-/debug-2.6.9.tgz",
          "integrity": "sha512-bC7ElrdJaJnPbAP+1EotYvqZsb3ecl5wi6Bfi6BJTUcNowp6cvspg0jXznRTKDjm/E7AdgFBVeAPVMNcKGsHMA==",
          "requires": {
            "ms": "2.0.0"
          }
        }
      }
    },
    "loadsh": {
      "version": "0.0.4",
      "resolved": "https://registry.npmjs.org/loadsh/-/loadsh-0.0.4.tgz",
      "integrity": "sha512-U+wLL8InpfRalWrr+0SuhWgGt10M4OyAk6G8xCYo2rwpiHtxZkWiFpjei0vO463ghW8LPCdhqQxXlMy2qicAEw=="
    },
    "lodash": {
      "version": "4.17.19",
      "resolved": "https://registry.npmjs.org/lodash/-/lodash-4.17.19.tgz",
      "integrity": "sha512-JNvd8XER9GQX0v2qJgsaN/mzFCNA5BRe/j8JN9d+tWyGLSodKQHKFicdwNYzWwI3wjRnaKPsGj1XkBjx/F96DQ=="
    },
    "lodash.chunk": {
      "version": "4.2.0",
      "resolved": "https://registry.npmjs.org/lodash.chunk/-/lodash.chunk-4.2.0.tgz",
      "integrity": "sha1-ZuXOH3btJ7QwPYxlEujRIW6BBrw="
    },
    "lodash.debounce": {
      "version": "4.0.8",
      "resolved": "https://registry.npmjs.org/lodash.debounce/-/lodash.debounce-4.0.8.tgz",
      "integrity": "sha1-gteb/zCmfEAF/9XiUVMArZyk168="
    },
    "lodash.defaultsdeep": {
      "version": "4.6.1",
      "resolved": "https://registry.npmjs.org/lodash.defaultsdeep/-/lodash.defaultsdeep-4.6.1.tgz",
      "integrity": "sha512-3j8wdDzYuWO3lM3Reg03MuQR957t287Rpcxp1njpEa8oDrikb+FwGdW3n+FELh/A6qib6yPit0j/pv9G/yeAqA=="
    },
    "lodash.isempty": {
      "version": "4.4.0",
      "resolved": "https://registry.npmjs.org/lodash.isempty/-/lodash.isempty-4.4.0.tgz",
      "integrity": "sha1-b4bL7di+TsmHvpqvM8loTbGzHn4="
    },
    "lodash.padstart": {
      "version": "4.6.1",
      "resolved": "https://registry.npmjs.org/lodash.padstart/-/lodash.padstart-4.6.1.tgz",
      "integrity": "sha1-0uPuv/DZ05rVD1y9G1KnvOa7YRs="
    },
    "lodash.sortby": {
      "version": "4.7.0",
      "resolved": "https://registry.npmjs.org/lodash.sortby/-/lodash.sortby-4.7.0.tgz",
      "integrity": "sha1-7dFMgk4sycHgsKG0K7UhBRakJDg="
    },
    "lodash.trimend": {
      "version": "4.5.1",
      "resolved": "https://registry.npmjs.org/lodash.trimend/-/lodash.trimend-4.5.1.tgz",
      "integrity": "sha1-EoBENyhrmMrYmWt5QU4RMAEUCC8="
    },
    "lodash.trimstart": {
      "version": "4.5.1",
      "resolved": "https://registry.npmjs.org/lodash.trimstart/-/lodash.trimstart-4.5.1.tgz",
      "integrity": "sha1-j/TexTLYJIavWVc8OURZFOlEp/E="
    },
    "luxon": {
      "version": "1.24.1",
      "resolved": "https://registry.npmjs.org/luxon/-/luxon-1.24.1.tgz",
      "integrity": "sha512-CgnIMKAWT0ghcuWFfCWBnWGOddM0zu6c4wZAWmD0NN7MZTnro0+833DF6tJep+xlxRPg4KtsYEHYLfTMBQKwYg=="
    },
    "markdown-it-container": {
      "version": "2.0.0",
      "resolved": "https://registry.npmjs.org/markdown-it-container/-/markdown-it-container-2.0.0.tgz",
      "integrity": "sha1-ABm0P9Au7+zi8ZYKKJX7qBpARpU="
    },
    "medium-zoom": {
      "version": "1.0.6",
      "resolved": "https://registry.npmjs.org/medium-zoom/-/medium-zoom-1.0.6.tgz",
      "integrity": "sha512-UdiUWfvz9fZMg1pzf4dcuqA0W079o0mpqbTnOz5ip4VGYX96QjmbM+OgOU/0uOzAytxC0Ny4z+VcYQnhdifimg=="
    },
    "moment": {
      "version": "2.27.0",
      "resolved": "https://registry.npmjs.org/moment/-/moment-2.27.0.tgz",
      "integrity": "sha512-al0MUK7cpIcglMv3YF13qSgdAIqxHTO7brRtaz3DlSULbqfazqkc5kEjNrLDOM7fsjshoFIihnU8snrP7zUvhQ==",
      "dev": true
    },
    "ms": {
      "version": "2.0.0",
      "resolved": "https://registry.npmjs.org/ms/-/ms-2.0.0.tgz",
      "integrity": "sha1-VgiurfwAvmwpAd9fmGF4jeDVl8g="
    },
    "nprogress": {
      "version": "0.2.0",
      "resolved": "https://registry.npmjs.org/nprogress/-/nprogress-0.2.0.tgz",
      "integrity": "sha1-y480xTIT2JVyP8urkH6UIq28r7E="
    },
    "prismjs": {
      "version": "1.21.0",
      "resolved": "https://registry.npmjs.org/prismjs/-/prismjs-1.21.0.tgz",
      "integrity": "sha512-uGdSIu1nk3kej2iZsLyDoJ7e9bnPzIgY0naW/HdknGj61zScaprVEVGHrPoXqI+M9sP0NDnTK2jpkvmldpuqDw==",
      "requires": {
        "clipboard": "^2.0.0"
      }
    },
    "punycode": {
      "version": "2.1.1",
      "resolved": "https://registry.npmjs.org/punycode/-/punycode-2.1.1.tgz",
      "integrity": "sha512-XRsRjdf+j5ml+y/6GKHPZbrF/8p2Yga0JPtdqTIY2Xe5ohJPD9saDJJLPvp9+NSBprVvevdXZybnj2cv8OEd0A=="
    },
    "qs": {
      "version": "6.9.4",
      "resolved": "https://registry.npmjs.org/qs/-/qs-6.9.4.tgz",
      "integrity": "sha512-A1kFqHekCTM7cz0udomYUoYNWjBebHm/5wzU/XqrBRBNWectVH0QIiN+NEcZ0Dte5hvzHwbr8+XQmguPhJ6WdQ=="
    },
    "query-string": {
      "version": "6.13.1",
      "resolved": "https://registry.npmjs.org/query-string/-/query-string-6.13.1.tgz",
      "integrity": "sha512-RfoButmcK+yCta1+FuU8REvisx1oEzhMKwhLUNcepQTPGcNMp1sIqjnfCtfnvGSQZQEhaBHvccujtWoUV3TTbA==",
      "requires": {
        "decode-uri-component": "^0.2.0",
        "split-on-first": "^1.0.0",
        "strict-uri-encode": "^2.0.0"
      }
    },
    "remove-markdown": {
      "version": "0.3.0",
      "resolved": "https://registry.npmjs.org/remove-markdown/-/remove-markdown-0.3.0.tgz",
      "integrity": "sha1-XktmdJOpNXlyjz1S7MHbnKUF3Jg="
    },
    "select": {
      "version": "1.1.2",
      "resolved": "https://registry.npmjs.org/select/-/select-1.1.2.tgz",
      "integrity": "sha1-DnNQrN7ICxEIUoeG7B1EGNEbOW0=",
      "optional": true
    },
    "sitemap": {
      "version": "3.2.2",
      "resolved": "https://registry.npmjs.org/sitemap/-/sitemap-3.2.2.tgz",
      "integrity": "sha512-TModL/WU4m2q/mQcrDgNANn0P4LwprM9MMvG4hu5zP4c6IIKs2YLTu6nXXnNr8ODW/WFtxKggiJ1EGn2W0GNmg==",
      "requires": {
        "lodash.chunk": "^4.2.0",
        "lodash.padstart": "^4.6.1",
        "whatwg-url": "^7.0.0",
        "xmlbuilder": "^13.0.0"
      }
    },
    "smoothscroll-polyfill": {
      "version": "0.4.4",
      "resolved": "https://registry.npmjs.org/smoothscroll-polyfill/-/smoothscroll-polyfill-0.4.4.tgz",
      "integrity": "sha512-TK5ZA9U5RqCwMpfoMq/l1mrH0JAR7y7KRvOBx0n2869aLxch+gT9GhN3yUfjiw+d/DiF1mKo14+hd62JyMmoBg=="
    },
    "split-on-first": {
      "version": "1.1.0",
      "resolved": "https://registry.npmjs.org/split-on-first/-/split-on-first-1.1.0.tgz",
      "integrity": "sha512-43ZssAJaMusuKWL8sKUBQXHWOpq8d6CfN/u1p4gUzfJkM05C8rxTmYrkIPTXapZpORA6LkkzcUulJ8FqA7Uudw=="
    },
    "strict-uri-encode": {
      "version": "2.0.0",
      "resolved": "https://registry.npmjs.org/strict-uri-encode/-/strict-uri-encode-2.0.0.tgz",
      "integrity": "sha1-ucczDHBChi9rFC3CdLvMWGbONUY="
    },
    "striptags": {
      "version": "3.1.1",
      "resolved": "https://registry.npmjs.org/striptags/-/striptags-3.1.1.tgz",
      "integrity": "sha1-yMPn/db7S7OjKjt1LltePjgJPr0="
    },
    "tiny-emitter": {
      "version": "2.1.0",
      "resolved": "https://registry.npmjs.org/tiny-emitter/-/tiny-emitter-2.1.0.tgz",
      "integrity": "sha512-NB6Dk1A9xgQPMoGqC5CVXn123gWyte215ONT5Pp5a0yt4nlEoO1ZWeCwpncaekPHXO60i47ihFnZPiRPjRMq4Q==",
      "optional": true
    },
    "tr46": {
      "version": "1.0.1",
      "resolved": "https://registry.npmjs.org/tr46/-/tr46-1.0.1.tgz",
      "integrity": "sha1-qLE/1r/SSJUZZ0zN5VujaTtwbQk=",
      "requires": {
        "punycode": "^2.1.0"
      }
    },
    "vssue": {
      "version": "1.4.6",
      "resolved": "https://registry.npmjs.org/vssue/-/vssue-1.4.6.tgz",
      "integrity": "sha512-s92qMIaI/9LzBQCUUaX0fpNlA3kRRGtm0hQxDN/YBziOB4NXTWgPvoimLreyjP75hRItHvVhKzkXiZ8bIMjy7A==",
      "requires": {
        "@vssue/utils": "^1.4.0",
        "github-markdown-css": "^3.0.1",
        "vue": "^2.6.10",
        "vue-i18n": "^8.11.2",
        "vue-property-decorator": "^8.1.1"
      }
    },
    "vue": {
      "version": "2.6.11",
      "resolved": "https://registry.npmjs.org/vue/-/vue-2.6.11.tgz",
      "integrity": "sha512-VfPwgcGABbGAue9+sfrD4PuwFar7gPb1yl1UK1MwXoQPAw0BKSqWfoYCT/ThFrdEVWoI51dBuyCoiNU9bZDZxQ=="
    },
    "vue-class-component": {
      "version": "7.2.5",
      "resolved": "https://registry.npmjs.org/vue-class-component/-/vue-class-component-7.2.5.tgz",
      "integrity": "sha512-0CSftHY0bDTD+4FbYkuFf6+iKDjZ4h2in2YYJDRMk5daZIjrgT9LjFHvP7Rzqy9/s1pij3zDtTSLRUjsPWMwqg=="
    },
    "vue-disqus": {
      "version": "3.0.5",
      "resolved": "https://registry.npmjs.org/vue-disqus/-/vue-disqus-3.0.5.tgz",
      "integrity": "sha512-T3Y68lXf5W2lYt6j4Y3kZ4opLPH0EAzqriy11MS4D4Q2+UN0tFuUXeYP1MxfvdyaCEboXSM6CUswxsULuNV70Q=="
    },
    "vue-feather-icons": {
      "version": "5.0.0",
      "resolved": "https://registry.npmjs.org/vue-feather-icons/-/vue-feather-icons-5.0.0.tgz",
      "integrity": "sha512-uvi2l3i0aeRRzG3vX24/AH+8BkcXkSJboAv8XkUZ6aPkEC9n6LXDcKp5/ho+3moVQ9wlga3N6BjL89pmkHBzPw==",
      "requires": {
        "babel-helper-vue-jsx-merge-props": "^2.0.2"
      }
    },
    "vue-i18n": {
      "version": "8.20.0",
      "resolved": "https://registry.npmjs.org/vue-i18n/-/vue-i18n-8.20.0.tgz",
      "integrity": "sha512-ZiAOoeR4d/JtKpbjipx3I80ey7cYG1ki5gQ7HwzWm4YFio9brA15BEYHjalEoBaEfzF5OBEZP+Y2MvAaWnyXXg=="
    },
    "vue-property-decorator": {
      "version": "8.5.1",
      "resolved": "https://registry.npmjs.org/vue-property-decorator/-/vue-property-decorator-8.5.1.tgz",
      "integrity": "sha512-O6OUN2OMsYTGPvgFtXeBU3jPnX5ffQ9V4I1WfxFQ6dqz6cOUbR3Usou7kgFpfiXDvV7dJQSFcJ5yUPgOtPPm1Q==",
      "requires": {
        "vue-class-component": "^7.1.0"
      }
    },
    "vuejs-paginate": {
      "version": "2.1.0",
      "resolved": "https://registry.npmjs.org/vuejs-paginate/-/vuejs-paginate-2.1.0.tgz",
      "integrity": "sha512-gnwyXlmCiDOu9MLWxN5UJ4PGijKGNOMpHG8ujsrynCzTJljn/rp7Jq0WiDGDAMi5/u0AHuYIHhced+tUW4jblA=="
    },
    "vuepress-plugin-container": {
      "version": "2.1.4",
      "resolved": "https://registry.npmjs.org/vuepress-plugin-container/-/vuepress-plugin-container-2.1.4.tgz",
      "integrity": "sha512-l+EkeL+rC6DJch1wAZUFIkNDaz2TNOg4NQTHa3yMAsYkC+QaSRubGdN6YwOSmfjxVmM9s9D3gwBWw0O7OBhqRg==",
      "requires": {
        "markdown-it-container": "^2.0.0"
      }
    },
    "vuepress-plugin-disqus": {
      "version": "0.2.0",
      "resolved": "https://registry.npmjs.org/vuepress-plugin-disqus/-/vuepress-plugin-disqus-0.2.0.tgz",
      "integrity": "sha512-kx+AeVzjJ9lx9bufLt1/X35V1VXfnQ1srkDMIzFKD9NyQ3eycsWQRcGO1dFe1HMrY3+7fTu+1/JeUEUEpGZ5tw==",
      "requires": {
        "vue-disqus": "^3.0.5"
      }
    },
    "vuepress-plugin-feed": {
      "version": "0.1.8",
      "resolved": "https://registry.npmjs.org/vuepress-plugin-feed/-/vuepress-plugin-feed-0.1.8.tgz",
      "integrity": "sha512-ZDJ2KTAxdeXiykBKOWTht4qleImaY9OEbm9cqQdc/54j0P45ax1PhJjsq5aTs3GcIE1nbZKLCd4fSzhRY6bijg==",
      "requires": {
        "feed": "2.0.4",
        "lodash.defaultsdeep": "4.6.1",
        "lodash.isempty": "4.4.0",
        "lodash.trimend": "^4.5.1",
        "lodash.trimstart": "^4.5.1",
        "remove-markdown": "0.3.0",
        "striptags": "3.1.1"
      }
    },
    "vuepress-plugin-mailchimp": {
      "version": "1.4.2",
      "resolved": "https://registry.npmjs.org/vuepress-plugin-mailchimp/-/vuepress-plugin-mailchimp-1.4.2.tgz",
      "integrity": "sha512-4t5ZaKZXu5ZkwgE+WW//7CgXgz6DEhRefGrO5aql4PwapauNXlHKgQ2JMf9FRe5y5WHjNpDHYveEDNzISZmxJw==",
      "requires": {
        "jsonp": "^0.2.1",
        "query-string": "^6.9.0"
      }
    },
    "vuepress-plugin-reading-progress": {
      "version": "1.0.10",
      "resolved": "https://registry.npmjs.org/vuepress-plugin-reading-progress/-/vuepress-plugin-reading-progress-1.0.10.tgz",
      "integrity": "sha512-7OxcjNEDf9gqFTns0YnXrqPnTRlX6wvxWFr7D8tlfyMPpsZwJkh/MkJveRrEaKcU0gk8QGmPHnXLAZ3soTThVg=="
    },
    "vuepress-plugin-seo": {
      "version": "0.1.4",
      "resolved": "https://registry.npmjs.org/vuepress-plugin-seo/-/vuepress-plugin-seo-0.1.4.tgz",
      "integrity": "sha512-foNKrAAKihiC47bx0UXFzs/+BIFmnowTQsLVF/8pfsnsPDp8FXjkTGyjxyjOhbwj7ADPv32CdX3pEoYGnZ7OjA==",
      "dev": true
    },
    "vuepress-plugin-sitemap": {
      "version": "2.3.1",
      "resolved": "https://registry.npmjs.org/vuepress-plugin-sitemap/-/vuepress-plugin-sitemap-2.3.1.tgz",
      "integrity": "sha512-n+8lbukhrKrsI9H/EX0EBgkE1pn85LAQFvQ5dIvrZP4Kz6JxPOPPNTQmZMhahQV1tXbLZQCEN7A1WZH4x+arJQ==",
      "requires": {
        "sitemap": "^3.0.0"
      }
    },
    "vuepress-plugin-smooth-scroll": {
      "version": "0.0.9",
      "resolved": "https://registry.npmjs.org/vuepress-plugin-smooth-scroll/-/vuepress-plugin-smooth-scroll-0.0.9.tgz",
      "integrity": "sha512-UXX+HLZO1NKVwyiOJlj0smh8F9dKnwybjEi7w/Mj9EYLhKrNYr5uXs+N+OTt8VwKCn3f0vZ1XAwFIjsPlD7GJA==",
      "requires": {
        "smoothscroll-polyfill": "^0.4.4"
      }
    },
    "webidl-conversions": {
      "version": "4.0.2",
      "resolved": "https://registry.npmjs.org/webidl-conversions/-/webidl-conversions-4.0.2.tgz",
      "integrity": "sha512-YQ+BmxuTgd6UXZW3+ICGfyqRyHXVlD5GtQr5+qjiNW7bF0cqrzX500HVXPBOvgXb5YnzDd+h0zqyv61KUD7+Sg=="
    },
    "whatwg-url": {
      "version": "7.1.0",
      "resolved": "https://registry.npmjs.org/whatwg-url/-/whatwg-url-7.1.0.tgz",
      "integrity": "sha512-WUu7Rg1DroM7oQvGWfOiAK21n74Gg+T4elXEQYkOhtyLeWiJFoOGLXPKI/9gzIie9CtwVLm8wtw6YJdKyxSjeg==",
      "requires": {
        "lodash.sortby": "^4.7.0",
        "tr46": "^1.0.1",
        "webidl-conversions": "^4.0.2"
      }
    },
    "xml": {
      "version": "1.0.1",
      "resolved": "https://registry.npmjs.org/xml/-/xml-1.0.1.tgz",
      "integrity": "sha1-eLpyAgApxbyHuKgaPPzXS0ovweU="
    },
    "xmlbuilder": {
      "version": "13.0.2",
      "resolved": "https://registry.npmjs.org/xmlbuilder/-/xmlbuilder-13.0.2.tgz",
      "integrity": "sha512-Eux0i2QdDYKbdbA6AM6xE4m6ZTZr4G4xF9kahI2ukSEMCzwce2eX9WlTI5J3s+NU7hpasFsr8hWIONae7LluAQ=="
    }
  }
}
